
Microsoft Visual Studio Solution File, Format Version 12.00
# Visual Studio Version 16
VisualStudioVersion = 16.0.30717.126
MinimumVisualStudioVersion = 10.0.40219.1
Project("{FAE04EC0-301F-11D3-BF4B-00C04F79EFBC}") = "SSTAA.WinForm", "SSTAA.WinForm\SSTAA.WinForm.csproj", "{337C26EA-0E6D-43A3-B4A9-9FD2847A3913}"
EndProject
Project("{FAE04EC0-301F-11D3-BF4B-00C04F79EFBC}") = "SSTAA.Data", "SSTAA.Data\SSTAA.Data.csproj", "{93179509-9BE6-48C6-AE8C-CEDA5DBC47E9}"
EndProject
Project("{FAE04EC0-301F-11D3-BF4B-00C04F79EFBC}") = "SSTAA.Import", "SSTAA.Import\SSTAA.Import.csproj", "{22EE02E4-D8C4-45E7-A8AD-A7BF98DDA5F7}"
EndProject
Global
	GlobalSection(SolutionConfigurationPlatforms) = preSolution
		Debug|Any CPU = Debug|Any CPU
		Release|Any CPU = Release|Any CPU
	EndGlobalSection
	GlobalSection(ProjectConfigurationPlatforms) = postSolution
		{337C26EA-0E6D-43A3-B4A9-9FD2847A3913}.Debug|Any CPU.ActiveCfg = Debug|Any CPU
		{337C26EA-0E6D-43A3-B4A9-9FD2847A3913}.Debug|Any CPU.Build.0 = Debug|Any CPU
		{337C26EA-0E6D-43A3-B4A9-9FD2847A3913}.Release|Any CPU.ActiveCfg = Release|Any CPU
		{337C26EA-0E6D-43A3-B4A9-9FD2847A3913}.Release|Any CPU.Build.0 = Release|Any CPU
		{93179509-9BE6-48C6-AE8C-CEDA5DBC47E9}.Debug|Any CPU.ActiveCfg = Debug|Any CPU
		{93179509-9BE6-48C6-AE8C-CEDA5DBC47E9}.Debug|Any CPU.Build.0 = Debug|Any CPU
		{93179509-9BE6-48C6-AE8C-CEDA5DBC47E9}.Release|Any CPU.ActiveCfg = Release|Any CPU
		{93179509-9BE6-48C6-AE8C-CEDA5DBC47E9}.Release|Any CPU.Build.0 = Release|Any CPU
		{22EE02E4-D8C4-45E7-A8AD-A7BF98DDA5F7}.Debug|Any CPU.ActiveCfg = Debug|Any CPU
		{22EE02E4-D8C4-45E7-A8AD-A7BF98DDA5F7}.Debug|Any CPU.Build.0 = Debug|Any CPU
		{22EE02E4-D8C4-45E7-A8AD-A7BF98DDA5F7}.Release|Any CPU.ActiveCfg = Release|Any CPU
		{22EE02E4-D8C4-45E7-A8AD-A7BF98DDA5F7}.Release|Any CPU.Build.0 = Release|Any CPU
	EndGlobalSection
	GlobalSection(SolutionProperties) = preSolution
		HideSolutionNode = FALSE
	EndGlobalSection
	GlobalSection(ExtensibilityGlobals) = postSolution
		SolutionGuid = {5A0F2D6A-08F2-4624-AD56-261BB702CBE3}
	EndGlobalSection
EndGlobal
